PODS:
  - Alamofire (3.1.5)
  - ALCameraViewController (1.1.7)
  - Eureka (1.5.0)
  - IQKeyboardManagerSwift (3.3.4)
  - Material (1.34.8)
  - PhoneNumberKit (0.6)
  - SwiftOverlays (1.0)
  - SwiftSpinner (0.8.0)
  - SwiftyJSON (2.3.2)

DEPENDENCIES:
  - Alamofire (~> 3.1.2)
  - ALCameraViewController
  - Eureka (~> 1.5)
  - IQKeyboardManagerSwift
  - Material (= 1.34.8)
  - PhoneNumberKit (~> 0.6)
  - SwiftOverlays (~> 1.0)
  - SwiftSpinner
  - SwiftyJSON (from `https://github.com/SwiftyJSON/SwiftyJSON.git`)

EXTERNAL SOURCES:
  SwiftyJSON:
    :git: https://github.com/SwiftyJSON/SwiftyJSON.git

CHECKOUT OPTIONS:
  SwiftyJSON:
    :commit: 42bdb102d2624b143c07850ebdc1537d5b6579b6
    :git: https://github.com/SwiftyJSON/SwiftyJSON.git

SPEC CHECKSUMS:
  Alamofire: 5f730ba29fd113b7ddd71c1e65d0c630acf5d7b0
  ALCameraViewController: 15bd245a247cff0f8a038c349ac2bbe79152b686
  Eureka: 2fb37bb50569c62ee3284689d5b7aca694b040e0
  IQKeyboardManagerSwift: 6f2290d093f5269dc07bdae8bc58e968cf9c4738
  Material: 3865b011d8e4d42f7588bd9719498e025a82360a
  PhoneNumberKit: 683f1287a88c1f27386b27cad851081c7c45cb62
  SwiftOverlays: 6a47bab3ed2784c378f07b275269f9e8231526e6
  SwiftSpinner: 11c2c5ec7443d92f3026d3067ca8a91d4adef13f
  SwiftyJSON: 04ccea08915aa0109039157c7974cf0298da292a

COCOAPODS: 0.39.0
