// !$*UTF8*$!
{
	archiveVersion = 1;
	classes = {
	};
	objectVersion = 46;
	objects = {

/* Begin PBXBuildFile section */
		3E0414DC1CA7C94E004CE69B /* UserInformationViewController.swift in Sources */ = {isa = PBXBuildFile; fileRef = 3E0414DB1CA7C94E004CE69B /* UserInformationViewController.swift */; };
		3E13C2D31C9874840060BC0B /* CallingService.swift in Sources */ = {isa = PBXBuildFile; fileRef = 3E13C2D21C9874840060BC0B /* CallingService.swift */; };
		3E3701EA1CBCF0A100B0F4CB /* HistoryTableViewController.swift in Sources */ = {isa = PBXBuildFile; fileRef = 3E3701E91CBCF0A100B0F4CB /* HistoryTableViewController.swift */; };
		3E3701EC1CBCF1F200B0F4CB /* HistoryTableCell.swift in Sources */ = {isa = PBXBuildFile; fileRef = 3E3701EB1CBCF1F200B0F4CB /* HistoryTableCell.swift */; };
		3E5767841C96ACBA0089FD6B /* CustomSettingCell.swift in Sources */ = {isa = PBXBuildFile; fileRef = 3E5767831C96ACBA0089FD6B /* CustomSettingCell.swift */; };
		3E5767861C96B1900089FD6B /* SettingViewController.swift in Sources */ = {isa = PBXBuildFile; fileRef = 3E5767851C96B1900089FD6B /* SettingViewController.swift */; };
		3E6FABA51CBA53640077B0C0 /* Group.swift in Sources */ = {isa = PBXBuildFile; fileRef = 3E6FABA41CBA53640077B0C0 /* Group.swift */; };
		3E773EB71C991861003CD1B3 /* QRCodeListVeiwController.swift in Sources */ = {isa = PBXBuildFile; fileRef = 3E773EB61C991861003CD1B3 /* QRCodeListVeiwController.swift */; };
		3E773EB91C9928DC003CD1B3 /* CreateQRCodeViewController.swift in Sources */ = {isa = PBXBuildFile; fileRef = 3E773EB81C9928DC003CD1B3 /* CreateQRCodeViewController.swift */; };
		3E773EBB1C9934CD003CD1B3 /* QrCodeListCell.swift in Sources */ = {isa = PBXBuildFile; fileRef = 3E773EBA1C9934CD003CD1B3 /* QrCodeListCell.swift */; };
		3E773EBD1C99374C003CD1B3 /* QRCode.swift in Sources */ = {isa = PBXBuildFile; fileRef = 3E773EBC1C99374B003CD1B3 /* QRCode.swift */; };
		3E773EBF1C9940AF003CD1B3 /* QRCodeGenerator.swift in Sources */ = {isa = PBXBuildFile; fileRef = 3E773EBE1C9940AF003CD1B3 /* QRCodeGenerator.swift */; };
		3E98C0BC1C8C3E01001BB458 /* ContactDetailTableViewCell.swift in Sources */ = {isa = PBXBuildFile; fileRef = 3E98C0BA1C8C3E01001BB458 /* ContactDetailTableViewCell.swift */; };
		3E98C0BD1C8C3E01001BB458 /* ContactTableCell.swift in Sources */ = {isa = PBXBuildFile; fileRef = 3E98C0BB1C8C3E01001BB458 /* ContactTableCell.swift */; };
		3E98C0D31C8C3E12001BB458 /* ContactDetailViewController.swift in Sources */ = {isa = PBXBuildFile; fileRef = 3E98C0C01C8C3E12001BB458 /* ContactDetailViewController.swift */; };
		3E98C0D41C8C3E12001BB458 /* ContactTableViewController.swift in Sources */ = {isa = PBXBuildFile; fileRef = 3E98C0C11C8C3E12001BB458 /* ContactTableViewController.swift */; };
		3E98C0D51C8C3E12001BB458 /* ProviderInformationViewController.swift in Sources */ = {isa = PBXBuildFile; fileRef = 3E98C0C31C8C3E12001BB458 /* ProviderInformationViewController.swift */; };
		3E98C0D61C8C3E12001BB458 /* QRCodeReaderViewController.swift in Sources */ = {isa = PBXBuildFile; fileRef = 3E98C0C41C8C3E12001BB458 /* QRCodeReaderViewController.swift */; };
		3E98C0D91C8C3E12001BB458 /* vCardViewController.swift in Sources */ = {isa = PBXBuildFile; fileRef = 3E98C0C81C8C3E12001BB458 /* vCardViewController.swift */; };
		3E98C0DA1C8C3E12001BB458 /* LoginViewController.swift in Sources */ = {isa = PBXBuildFile; fileRef = 3E98C0CA1C8C3E12001BB458 /* LoginViewController.swift */; };
		3E98C0DB1C8C3E12001BB458 /* ValidationCodeViewController.swift in Sources */ = {isa = PBXBuildFile; fileRef = 3E98C0CB1C8C3E12001BB458 /* ValidationCodeViewController.swift */; };
		3E98C0DC1C8C3E12001BB458 /* People.swift in Sources */ = {isa = PBXBuildFile; fileRef = 3E98C0CD1C8C3E12001BB458 /* People.swift */; };
		3EA737671CA50DA60054C78C /* UserPref.swift in Sources */ = {isa = PBXBuildFile; fileRef = 3EA737661CA50DA60054C78C /* UserPref.swift */; };
		3EA92A6B1CB5152C0024C737 /* GroupTableCell.swift in Sources */ = {isa = PBXBuildFile; fileRef = 3EA92A6A1CB5152C0024C737 /* GroupTableCell.swift */; };
		3EA92A6D1CB515F70024C737 /* GroupTableViewController.swift in Sources */ = {isa = PBXBuildFile; fileRef = 3EA92A6C1CB515F70024C737 /* GroupTableViewController.swift */; };
		3EAA592A1CB7A7060079A51D /* GroupMutipleSelectTableViewController.swift in Sources */ = {isa = PBXBuildFile; fileRef = 3EAA59291CB7A7060079A51D /* GroupMutipleSelectTableViewController.swift */; };
		3EAA592C1CB7A8100079A51D /* GroupMutipleSelectCell.swift in Sources */ = {isa = PBXBuildFile; fileRef = 3EAA592B1CB7A8100079A51D /* GroupMutipleSelectCell.swift */; };
		3EAD8E341CB3F761008A09E3 /* ContactTableViewParam.swift in Sources */ = {isa = PBXBuildFile; fileRef = 3EAD8E331CB3F761008A09E3 /* ContactTableViewParam.swift */; };
		3EAD8E361CB40672008A09E3 /* FavoriteContactTableViewController.swift in Sources */ = {isa = PBXBuildFile; fileRef = 3EAD8E351CB40672008A09E3 /* FavoriteContactTableViewController.swift */; };
		3EC23CEF1C77258F00CA92A2 /* Assets.xcassets in Resources */ = {isa = PBXBuildFile; fileRef = 3EC23CEE1C77258F00CA92A2 /* Assets.xcassets */; };
		3ED0D4751C8F0FAD0011679A /* SwitchCell.swift in Sources */ = {isa = PBXBuildFile; fileRef = 3ED0D4741C8F0FAD0011679A /* SwitchCell.swift */; };
		3ED0D47D1C8F27760011679A /* ProviderNickNameCell.swift in Sources */ = {isa = PBXBuildFile; fileRef = 3ED0D47C1C8F27760011679A /* ProviderNickNameCell.swift */; };
		3EE4EC2D1C8DE30700805447 /* NSTimeExtension.swift in Sources */ = {isa = PBXBuildFile; fileRef = 3EE4EC2B1C8DE30700805447 /* NSTimeExtension.swift */; };
		3EE4EC2E1C8DE30700805447 /* Reachibility.swift in Sources */ = {isa = PBXBuildFile; fileRef = 3EE4EC2C1C8DE30700805447 /* Reachibility.swift */; };
		3EE4EC311C8DE38600805447 /* Network.swift in Sources */ = {isa = PBXBuildFile; fileRef = 3EE4EC301C8DE38600805447 /* Network.swift */; };
		3EE4EC371C8DE47D00805447 /* EditProfileViewController.swift in Sources */ = {isa = PBXBuildFile; fileRef = 3EE4EC361C8DE47D00805447 /* EditProfileViewController.swift */; };
		3EF050661C77196600F7774E /* Login.storyboard in Resources */ = {isa = PBXBuildFile; fileRef = 3EF050641C77196600F7774E /* Login.storyboard */; };
		3EF050691C77197900F7774E /* Main.storyboard in Resources */ = {isa = PBXBuildFile; fileRef = 3EF050671C77197900F7774E /* Main.storyboard */; };
		3EF27F041C9913BC00D62844 /* UIView+VoiceIn.swift in Sources */ = {isa = PBXBuildFile; fileRef = 3EF27F031C9913BC00D62844 /* UIView+VoiceIn.swift */; };
		3EF6329A1C75A9F300BBAB39 /* AppDelegate.swift in Sources */ = {isa = PBXBuildFile; fileRef = 3EF632991C75A9F300BBAB39 /* AppDelegate.swift */; };
		3EF632A21C75A9F300BBAB39 /* voiceIn.xcdatamodeld in Sources */ = {isa = PBXBuildFile; fileRef = 3EF632A01C75A9F300BBAB39 /* voiceIn.xcdatamodeld */; };
		3EF632A71C75A9F300BBAB39 /* LaunchScreen.storyboard in Resources */ = {isa = PBXBuildFile; fileRef = 3EF632A51C75A9F300BBAB39 /* LaunchScreen.storyboard */; };
		A15E801BB76EF526956E77D8 /* Pods_voiceIn.framework in Frameworks */ = {isa = PBXBuildFile; fileRef = 11FC072ADA356A9A89EB2EAF /* Pods_voiceIn.framework */; };
/* End PBXBuildFile section */

/* Begin PBXFileReference section */
		11FC072ADA356A9A89EB2EAF /* Pods_voiceIn.framework */ = {isa = PBXFileReference; explicitFileType = wrapper.framework; includeInIndex = 0; path = Pods_voiceIn.framework; sourceTree = BUILT_PRODUCTS_DIR; };
		3E0414DB1CA7C94E004CE69B /* UserInformationViewController.swift */ = {isa = PBXFileReference; fileEncoding = 4; lastKnownFileType = sourcecode.swift; path = UserInformationViewController.swift; sourceTree = "<group>"; };
		3E13C2D21C9874840060BC0B /* CallingService.swift */ = {isa = PBXFileReference; fileEncoding = 4; lastKnownFileType = sourcecode.swift; path = CallingService.swift; sourceTree = "<group>"; };
		3E3701E91CBCF0A100B0F4CB /* HistoryTableViewController.swift */ = {isa = PBXFileReference; fileEncoding = 4; lastKnownFileType = sourcecode.swift; path = HistoryTableViewController.swift; sourceTree = "<group>"; };
		3E3701EB1CBCF1F200B0F4CB /* HistoryTableCell.swift */ = {isa = PBXFileReference; fileEncoding = 4; lastKnownFileType = sourcecode.swift; path = HistoryTableCell.swift; sourceTree = "<group>"; };
		3E5466951C873E1E00F3A9A0 /* bridge.h */ = {isa = PBXFileReference; lastKnownFileType = sourcecode.c.h; name = bridge.h; path = ../bridge.h; sourceTree = "<group>"; };
		3E5767831C96ACBA0089FD6B /* CustomSettingCell.swift */ = {isa = PBXFileReference; fileEncoding = 4; lastKnownFileType = sourcecode.swift; path = CustomSettingCell.swift; sourceTree = "<group>"; };
		3E5767851C96B1900089FD6B /* SettingViewController.swift */ = {isa = PBXFileReference; fileEncoding = 4; lastKnownFileType = sourcecode.swift; path = SettingViewController.swift; sourceTree = "<group>"; };
		3E6FABA41CBA53640077B0C0 /* Group.swift */ = {isa = PBXFileReference; fileEncoding = 4; lastKnownFileType = sourcecode.swift; path = Group.swift; sourceTree = "<group>"; };
		3E773EB61C991861003CD1B3 /* QRCodeListVeiwController.swift */ = {isa = PBXFileReference; fileEncoding = 4; lastKnownFileType = sourcecode.swift; path = QRCodeListVeiwController.swift; sourceTree = "<group>"; };
		3E773EB81C9928DC003CD1B3 /* CreateQRCodeViewController.swift */ = {isa = PBXFileReference; fileEncoding = 4; lastKnownFileType = sourcecode.swift; path = CreateQRCodeViewController.swift; sourceTree = "<group>"; };
		3E773EBA1C9934CD003CD1B3 /* QrCodeListCell.swift */ = {isa = PBXFileReference; fileEncoding = 4; lastKnownFileType = sourcecode.swift; path = QrCodeListCell.swift; sourceTree = "<group>"; };
		3E773EBC1C99374B003CD1B3 /* QRCode.swift */ = {isa = PBXFileReference; fileEncoding = 4; lastKnownFileType = sourcecode.swift; path = QRCode.swift; sourceTree = "<group>"; };
		3E773EBE1C9940AF003CD1B3 /* QRCodeGenerator.swift */ = {isa = PBXFileReference; fileEncoding = 4; lastKnownFileType = sourcecode.swift; path = QRCodeGenerator.swift; sourceTree = "<group>"; };
		3E98C0BA1C8C3E01001BB458 /* ContactDetailTableViewCell.swift */ = {isa = PBXFileReference; fileEncoding = 4; lastKnownFileType = sourcecode.swift; path = ContactDetailTableViewCell.swift; sourceTree = "<group>"; };
		3E98C0BB1C8C3E01001BB458 /* ContactTableCell.swift */ = {isa = PBXFileReference; fileEncoding = 4; lastKnownFileType = sourcecode.swift; path = ContactTableCell.swift; sourceTree = "<group>"; };
		3E98C0C01C8C3E12001BB458 /* ContactDetailViewController.swift */ = {isa = PBXFileReference; fileEncoding = 4; lastKnownFileType = sourcecode.swift; path = ContactDetailViewController.swift; sourceTree = "<group>"; };
		3E98C0C11C8C3E12001BB458 /* ContactTableViewController.swift */ = {isa = PBXFileReference; fileEncoding = 4; lastKnownFileType = sourcecode.swift; path = ContactTableViewController.swift; sourceTree = "<group>"; };
		3E98C0C31C8C3E12001BB458 /* ProviderInformationViewController.swift */ = {isa = PBXFileReference; fileEncoding = 4; lastKnownFileType = sourcecode.swift; path = ProviderInformationViewController.swift; sourceTree = "<group>"; };
		3E98C0C41C8C3E12001BB458 /* QRCodeReaderViewController.swift */ = {isa = PBXFileReference; fileEncoding = 4; lastKnownFileType = sourcecode.swift; path = QRCodeReaderViewController.swift; sourceTree = "<group>"; };
		3E98C0C81C8C3E12001BB458 /* vCardViewController.swift */ = {isa = PBXFileReference; fileEncoding = 4; lastKnownFileType = sourcecode.swift; path = vCardViewController.swift; sourceTree = "<group>"; };
		3E98C0CA1C8C3E12001BB458 /* LoginViewController.swift */ = {isa = PBXFileReference; fileEncoding = 4; lastKnownFileType = sourcecode.swift; path = LoginViewController.swift; sourceTree = "<group>"; };
		3E98C0CB1C8C3E12001BB458 /* ValidationCodeViewController.swift */ = {isa = PBXFileReference; fileEncoding = 4; lastKnownFileType = sourcecode.swift; path = ValidationCodeViewController.swift; sourceTree = "<group>"; };
		3E98C0CD1C8C3E12001BB458 /* People.swift */ = {isa = PBXFileReference; fileEncoding = 4; lastKnownFileType = sourcecode.swift; path = People.swift; sourceTree = "<group>"; };
		3EA737661CA50DA60054C78C /* UserPref.swift */ = {isa = PBXFileReference; fileEncoding = 4; lastKnownFileType = sourcecode.swift; path = UserPref.swift; sourceTree = "<group>"; };
		3EA92A6A1CB5152C0024C737 /* GroupTableCell.swift */ = {isa = PBXFileReference; fileEncoding = 4; lastKnownFileType = sourcecode.swift; path = GroupTableCell.swift; sourceTree = "<group>"; };
		3EA92A6C1CB515F70024C737 /* GroupTableViewController.swift */ = {isa = PBXFileReference; fileEncoding = 4; lastKnownFileType = sourcecode.swift; path = GroupTableViewController.swift; sourceTree = "<group>"; };
		3EAA59291CB7A7060079A51D /* GroupMutipleSelectTableViewController.swift */ = {isa = PBXFileReference; fileEncoding = 4; lastKnownFileType = sourcecode.swift; path = GroupMutipleSelectTableViewController.swift; sourceTree = "<group>"; };
		3EAA592B1CB7A8100079A51D /* GroupMutipleSelectCell.swift */ = {isa = PBXFileReference; fileEncoding = 4; lastKnownFileType = sourcecode.swift; path = GroupMutipleSelectCell.swift; sourceTree = "<group>"; };
		3EAD8E331CB3F761008A09E3 /* ContactTableViewParam.swift */ = {isa = PBXFileReference; fileEncoding = 4; lastKnownFileType = sourcecode.swift; path = ContactTableViewParam.swift; sourceTree = "<group>"; };
		3EAD8E351CB40672008A09E3 /* FavoriteContactTableViewController.swift */ = {isa = PBXFileReference; fileEncoding = 4; lastKnownFileType = sourcecode.swift; path = FavoriteContactTableViewController.swift; sourceTree = "<group>"; };
		3EC23CEE1C77258F00CA92A2 /* Assets.xcassets */ = {isa = PBXFileReference; lastKnownFileType = folder.assetcatalog; path = Assets.xcassets; sourceTree = "<group>"; };
		3ED0D4741C8F0FAD0011679A /* SwitchCell.swift */ = {isa = PBXFileReference; fileEncoding = 4; lastKnownFileType = sourcecode.swift; path = SwitchCell.swift; sourceTree = "<group>"; };
		3ED0D47C1C8F27760011679A /* ProviderNickNameCell.swift */ = {isa = PBXFileReference; fileEncoding = 4; lastKnownFileType = sourcecode.swift; path = ProviderNickNameCell.swift; sourceTree = "<group>"; };
		3EE4EC2B1C8DE30700805447 /* NSTimeExtension.swift */ = {isa = PBXFileReference; fileEncoding = 4; lastKnownFileType = sourcecode.swift; path = NSTimeExtension.swift; sourceTree = "<group>"; };
		3EE4EC2C1C8DE30700805447 /* Reachibility.swift */ = {isa = PBXFileReference; fileEncoding = 4; lastKnownFileType = sourcecode.swift; path = Reachibility.swift; sourceTree = "<group>"; };
		3EE4EC301C8DE38600805447 /* Network.swift */ = {isa = PBXFileReference; fileEncoding = 4; lastKnownFileType = sourcecode.swift; path = Network.swift; sourceTree = "<group>"; };
		3EE4EC361C8DE47D00805447 /* EditProfileViewController.swift */ = {isa = PBXFileReference; fileEncoding = 4; lastKnownFileType = sourcecode.swift; path = EditProfileViewController.swift; sourceTree = "<group>"; };
		3EF050651C77196600F7774E /* Base */ = {isa = PBXFileReference; lastKnownFileType = file.storyboard; name = Base; path = Base.lproj/Login.storyboard; sourceTree = "<group>"; };
		3EF050681C77197900F7774E /* Base */ = {isa = PBXFileReference; lastKnownFileType = file.storyboard; name = Base; path = Base.lproj/Main.storyboard; sourceTree = "<group>"; };
		3EF27F031C9913BC00D62844 /* UIView+VoiceIn.swift */ = {isa = PBXFileReference; fileEncoding = 4; lastKnownFileType = sourcecode.swift; path = "UIView+VoiceIn.swift"; sourceTree = "<group>"; };
		3EF632961C75A9F300BBAB39 /* VoiceIn.app */ = {isa = PBXFileReference; explicitFileType = wrapper.application; includeInIndex = 0; path = VoiceIn.app; sourceTree = BUILT_PRODUCTS_DIR; };
		3EF632991C75A9F300BBAB39 /* AppDelegate.swift */ = {isa = PBXFileReference; lastKnownFileType = sourcecode.swift; path = AppDelegate.swift; sourceTree = "<group>"; };
		3EF632A11C75A9F300BBAB39 /* voiceIn.xcdatamodel */ = {isa = PBXFileReference; lastKnownFileType = wrapper.xcdatamodel; path = voiceIn.xcdatamodel; sourceTree = "<group>"; };
		3EF632A61C75A9F300BBAB39 /* Base */ = {isa = PBXFileReference; lastKnownFileType = file.storyboard; name = Base; path = Base.lproj/LaunchScreen.storyboard; sourceTree = "<group>"; };
		3EF632A81C75A9F300BBAB39 /* Info.plist */ = {isa = PBXFileReference; lastKnownFileType = text.plist.xml; path = Info.plist; sourceTree = "<group>"; };
		9D13D4708872AE911803EDD8 /* Pods-voiceIn.debug.xcconfig */ = {isa = PBXFileReference; includeInIndex = 1; lastKnownFileType = text.xcconfig; name = "Pods-voiceIn.debug.xcconfig"; path = "Pods/Target Support Files/Pods-voiceIn/Pods-voiceIn.debug.xcconfig"; sourceTree = "<group>"; };
		CBBF54FA7E5ECB0B0AD8D6E5 /* Pods-voiceIn.release.xcconfig */ = {isa = PBXFileReference; includeInIndex = 1; lastKnownFileType = text.xcconfig; name = "Pods-voiceIn.release.xcconfig"; path = "Pods/Target Support Files/Pods-voiceIn/Pods-voiceIn.release.xcconfig"; sourceTree = "<group>"; };
/* End PBXFileReference section */

/* Begin PBXFrameworksBuildPhase section */
		3EF632931C75A9F300BBAB39 /* Frameworks */ = {
			isa = PBXFrameworksBuildPhase;
			buildActionMask = 2147483647;
			files = (
				A15E801BB76EF526956E77D8 /* Pods_voiceIn.framework in Frameworks */,
			);
			runOnlyForDeploymentPostprocessing = 0;
		};
/* End PBXFrameworksBuildPhase section */

/* Begin PBXGroup section */
		3E13C2D01C98747D0060BC0B /* Protocols */ = {
			isa = PBXGroup;
			children = (
			);
			path = Protocols;
			sourceTree = "<group>";
		};
		3E13C2D11C9874840060BC0B /* Services */ = {
			isa = PBXGroup;
			children = (
				3E13C2D21C9874840060BC0B /* CallingService.swift */,
			);
			path = Services;
			sourceTree = "<group>";
		};
		3E13C2D41C9874950060BC0B /* Configs */ = {
			isa = PBXGroup;
			children = (
				3EAD8E331CB3F761008A09E3 /* ContactTableViewParam.swift */,
			);
			path = Configs;
			sourceTree = "<group>";
		};
		3E13C2D51C9874950060BC0B /* Extensions */ = {
			isa = PBXGroup;
			children = (
				3EF27F031C9913BC00D62844 /* UIView+VoiceIn.swift */,
			);
			path = Extensions;
			sourceTree = "<group>";
		};
		3E98C0B91C8C3E01001BB458 /* Cells */ = {
			isa = PBXGroup;
			children = (
				3E98C0BA1C8C3E01001BB458 /* ContactDetailTableViewCell.swift */,
				3E98C0BB1C8C3E01001BB458 /* ContactTableCell.swift */,
				3ED0D4741C8F0FAD0011679A /* SwitchCell.swift */,
				3ED0D47C1C8F27760011679A /* ProviderNickNameCell.swift */,
				3E5767831C96ACBA0089FD6B /* CustomSettingCell.swift */,
				3E773EBA1C9934CD003CD1B3 /* QrCodeListCell.swift */,
				3EA92A6A1CB5152C0024C737 /* GroupTableCell.swift */,
				3EAA592B1CB7A8100079A51D /* GroupMutipleSelectCell.swift */,
				3E3701EB1CBCF1F200B0F4CB /* HistoryTableCell.swift */,
			);
			path = Cells;
			sourceTree = "<group>";
		};
		3E98C0BE1C8C3E12001BB458 /* Controllers */ = {
			isa = PBXGroup;
			children = (
				3EE4EC351C8DE47D00805447 /* Setting */,
				3E98C0BF1C8C3E12001BB458 /* Contact */,
				3E98C0C21C8C3E12001BB458 /* QRCode */,
				3E98C0C61C8C3E12001BB458 /* User */,
				3E98C0C91C8C3E12001BB458 /* Validation */,
			);
			path = Controllers;
			sourceTree = "<group>";
		};
		3E98C0BF1C8C3E12001BB458 /* Contact */ = {
			isa = PBXGroup;
			children = (
				3E98C0C01C8C3E12001BB458 /* ContactDetailViewController.swift */,
				3E98C0C11C8C3E12001BB458 /* ContactTableViewController.swift */,
				3EAD8E351CB40672008A09E3 /* FavoriteContactTableViewController.swift */,
				3EA92A6C1CB515F70024C737 /* GroupTableViewController.swift */,
				3EAA59291CB7A7060079A51D /* GroupMutipleSelectTableViewController.swift */,
				3E3701E91CBCF0A100B0F4CB /* HistoryTableViewController.swift */,
			);
			path = Contact;
			sourceTree = "<group>";
		};
		3E98C0C21C8C3E12001BB458 /* QRCode */ = {
			isa = PBXGroup;
			children = (
				3E98C0C31C8C3E12001BB458 /* ProviderInformationViewController.swift */,
				3E98C0C41C8C3E12001BB458 /* QRCodeReaderViewController.swift */,
				3E773EB61C991861003CD1B3 /* QRCodeListVeiwController.swift */,
				3E773EB81C9928DC003CD1B3 /* CreateQRCodeViewController.swift */,
			);
			path = QRCode;
			sourceTree = "<group>";
		};
		3E98C0C61C8C3E12001BB458 /* User */ = {
			isa = PBXGroup;
			children = (
				3E98C0C81C8C3E12001BB458 /* vCardViewController.swift */,
			);
			path = User;
			sourceTree = "<group>";
		};
		3E98C0C91C8C3E12001BB458 /* Validation */ = {
			isa = PBXGroup;
			children = (
				3E0414DB1CA7C94E004CE69B /* UserInformationViewController.swift */,
				3E98C0CA1C8C3E12001BB458 /* LoginViewController.swift */,
				3E98C0CB1C8C3E12001BB458 /* ValidationCodeViewController.swift */,
			);
			path = Validation;
			sourceTree = "<group>";
		};
		3E98C0CC1C8C3E12001BB458 /* DataModels */ = {
			isa = PBXGroup;
			children = (
				3E98C0CD1C8C3E12001BB458 /* People.swift */,
				3E773EBC1C99374B003CD1B3 /* QRCode.swift */,
				3E6FABA41CBA53640077B0C0 /* Group.swift */,
			);
			path = DataModels;
			sourceTree = "<group>";
		};
		3EA12BA71C75C76100AFB4EE /* Storyboards */ = {
			isa = PBXGroup;
			children = (
				3EF050641C77196600F7774E /* Login.storyboard */,
				3EF050671C77197900F7774E /* Main.storyboard */,
			);
			name = Storyboards;
			sourceTree = "<group>";
		};
		3EE4EC2A1C8DE30700805447 /* ThirdPartyHelpers */ = {
			isa = PBXGroup;
			children = (
				3EE4EC2B1C8DE30700805447 /* NSTimeExtension.swift */,
				3EE4EC2C1C8DE30700805447 /* Reachibility.swift */,
			);
			path = ThirdPartyHelpers;
			sourceTree = "<group>";
		};
		3EE4EC2F1C8DE38600805447 /* Helpers */ = {
			isa = PBXGroup;
			children = (
				3EE4EC301C8DE38600805447 /* Network.swift */,
				3E773EBE1C9940AF003CD1B3 /* QRCodeGenerator.swift */,
				3EA737661CA50DA60054C78C /* UserPref.swift */,
			);
			path = Helpers;
			sourceTree = "<group>";
		};
		3EE4EC351C8DE47D00805447 /* Setting */ = {
			isa = PBXGroup;
			children = (
				3EE4EC361C8DE47D00805447 /* EditProfileViewController.swift */,
				3E5767851C96B1900089FD6B /* SettingViewController.swift */,
			);
			path = Setting;
			sourceTree = "<group>";
		};
		3EF6328D1C75A9F300BBAB39 = {
			isa = PBXGroup;
			children = (
				3EF632981C75A9F300BBAB39 /* voiceIn */,
				3EF632971C75A9F300BBAB39 /* Products */,
				78CEB7041A0FCB74587E013E /* Pods */,
				6C9B6DE98BB97AC04CE422B8 /* Frameworks */,
			);
			sourceTree = "<group>";
		};
		3EF632971C75A9F300BBAB39 /* Products */ = {
			isa = PBXGroup;
			children = (
				3EF632961C75A9F300BBAB39 /* VoiceIn.app */,
			);
			name = Products;
			sourceTree = "<group>";
		};
		3EF632981C75A9F300BBAB39 /* voiceIn */ = {
			isa = PBXGroup;
			children = (
				3E13C2D41C9874950060BC0B /* Configs */,
				3E13C2D51C9874950060BC0B /* Extensions */,
				3E13C2D11C9874840060BC0B /* Services */,
				3E13C2D01C98747D0060BC0B /* Protocols */,
				3EE4EC2A1C8DE30700805447 /* ThirdPartyHelpers */,
				3E98C0BE1C8C3E12001BB458 /* Controllers */,
				3E98C0CC1C8C3E12001BB458 /* DataModels */,
				3E98C0B91C8C3E01001BB458 /* Cells */,
				3E5466951C873E1E00F3A9A0 /* bridge.h */,
				3EE4EC2F1C8DE38600805447 /* Helpers */,
				3EA12BA71C75C76100AFB4EE /* Storyboards */,
				3EF632991C75A9F300BBAB39 /* AppDelegate.swift */,
				3EF632A51C75A9F300BBAB39 /* LaunchScreen.storyboard */,
				3EF632A81C75A9F300BBAB39 /* Info.plist */,
				3EC23CEE1C77258F00CA92A2 /* Assets.xcassets */,
				3EF632A01C75A9F300BBAB39 /* voiceIn.xcdatamodeld */,
			);
			path = voiceIn;
			sourceTree = "<group>";
		};
		6C9B6DE98BB97AC04CE422B8 /* Frameworks */ = {
			isa = PBXGroup;
			children = (
				11FC072ADA356A9A89EB2EAF /* Pods_voiceIn.framework */,
			);
			name = Frameworks;
			sourceTree = "<group>";
		};
		78CEB7041A0FCB74587E013E /* Pods */ = {
			isa = PBXGroup;
			children = (
				9D13D4708872AE911803EDD8 /* Pods-voiceIn.debug.xcconfig */,
				CBBF54FA7E5ECB0B0AD8D6E5 /* Pods-voiceIn.release.xcconfig */,
			);
			name = Pods;
			sourceTree = "<group>";
		};
/* End PBXGroup section */

/* Begin PBXNativeTarget section */
		3EF632951C75A9F300BBAB39 /* voiceIn */ = {
			isa = PBXNativeTarget;
			buildConfigurationList = 3EF632AB1C75A9F300BBAB39 /* Build configuration list for PBXNativeTarget "voiceIn" */;
			buildPhases = (
				F8A4974D8C6896E922949B68 /* Check Pods Manifest.lock */,
				3EF632921C75A9F300BBAB39 /* Sources */,
				3EF632931C75A9F300BBAB39 /* Frameworks */,
				3EF632941C75A9F300BBAB39 /* Resources */,
				900FDFAA77EE9BC848DD2FF7 /* Embed Pods Frameworks */,
				A8E59EF46553B42CB8BB0E07 /* Copy Pods Resources */,
			);
			buildRules = (
			);
			dependencies = (
			);
			name = voiceIn;
			productName = voiceIn;
			productReference = 3EF632961C75A9F300BBAB39 /* VoiceIn.app */;
			productType = "com.apple.product-type.application";
		};
/* End PBXNativeTarget section */

/* Begin PBXProject section */
		3EF6328E1C75A9F300BBAB39 /* Project object */ = {
			isa = PBXProject;
			attributes = {
				LastSwiftUpdateCheck = 0720;
				LastUpgradeCheck = 0720;
				ORGANIZATIONNAME = hsnl;
				TargetAttributes = {
					3EF632951C75A9F300BBAB39 = {
						CreatedOnToolsVersion = 7.2.1;
						DevelopmentTeam = Y73V382M7G;
					};
				};
			};
			buildConfigurationList = 3EF632911C75A9F300BBAB39 /* Build configuration list for PBXProject "VoiceIn" */;
			compatibilityVersion = "Xcode 3.2";
			developmentRegion = English;
			hasScannedForEncodings = 0;
			knownRegions = (
				en,
				Base,
			);
			mainGroup = 3EF6328D1C75A9F300BBAB39;
			productRefGroup = 3EF632971C75A9F300BBAB39 /* Products */;
			projectDirPath = "";
			projectRoot = "";
			targets = (
				3EF632951C75A9F300BBAB39 /* voiceIn */,
			);
		};
/* End PBXProject section */

/* Begin PBXResourcesBuildPhase section */
		3EF632941C75A9F300BBAB39 /* Resources */ = {
			isa = PBXResourcesBuildPhase;
			buildActionMask = 2147483647;
			files = (
				3EF050661C77196600F7774E /* Login.storyboard in Resources */,
				3EF632A71C75A9F300BBAB39 /* LaunchScreen.storyboard in Resources */,
				3EC23CEF1C77258F00CA92A2 /* Assets.xcassets in Resources */,
				3EF050691C77197900F7774E /* Main.storyboard in Resources */,
			);
			runOnlyForDeploymentPostprocessing = 0;
		};
/* End PBXResourcesBuildPhase section */

/* Begin PBXShellScriptBuildPhase section */
		900FDFAA77EE9BC848DD2FF7 /* Embed Pods Frameworks */ = {
			isa = PBXShellScriptBuildPhase;
			buildActionMask = 2147483647;
			files = (
			);
			inputPaths = (
			);
			name = "Embed Pods Frameworks";
			outputPaths = (
			);
			runOnlyForDeploymentPostprocessing = 0;
			shellPath = /bin/sh;
			shellScript = "\"${SRCROOT}/Pods/Target Support Files/Pods-voiceIn/Pods-voiceIn-frameworks.sh\"\n";
			showEnvVarsInLog = 0;
		};
		A8E59EF46553B42CB8BB0E07 /* Copy Pods Resources */ = {
			isa = PBXShellScriptBuildPhase;
			buildActionMask = 2147483647;
			files = (
			);
			inputPaths = (
			);
			name = "Copy Pods Resources";
			outputPaths = (
			);
			runOnlyForDeploymentPostprocessing = 0;
			shellPath = /bin/sh;
			shellScript = "\"${SRCROOT}/Pods/Target Support Files/Pods-voiceIn/Pods-voiceIn-resources.sh\"\n";
			showEnvVarsInLog = 0;
		};
		F8A4974D8C6896E922949B68 /* Check Pods Manifest.lock */ = {
			isa = PBXShellScriptBuildPhase;
			buildActionMask = 2147483647;
			files = (
			);
			inputPaths = (
			);
			name = "Check Pods Manifest.lock";
			outputPaths = (
			);
			runOnlyForDeploymentPostprocessing = 0;
			shellPath = /bin/sh;
			shellScript = "diff \"${PODS_ROOT}/../Podfile.lock\" \"${PODS_ROOT}/Manifest.lock\" > /dev/null\nif [[ $? != 0 ]] ; then\n    cat << EOM\nerror: The sandbox is not in sync with the Podfile.lock. Run 'pod install' or update your CocoaPods installation.\nEOM\n    exit 1\nfi\n";
			showEnvVarsInLog = 0;
		};
/* End PBXShellScriptBuildPhase section */

/* Begin PBXSourcesBuildPhase section */
		3EF632921C75A9F300BBAB39 /* Sources */ = {
			isa = PBXSourcesBuildPhase;
			buildActionMask = 2147483647;
			files = (
				3EE4EC2D1C8DE30700805447 /* NSTimeExtension.swift in Sources */,
				3E5767861C96B1900089FD6B /* SettingViewController.swift in Sources */,
				3E98C0DA1C8C3E12001BB458 /* LoginViewController.swift in Sources */,
				3E3701EC1CBCF1F200B0F4CB /* HistoryTableCell.swift in Sources */,
				3E773EB91C9928DC003CD1B3 /* CreateQRCodeViewController.swift in Sources */,
				3EA92A6B1CB5152C0024C737 /* GroupTableCell.swift in Sources */,
				3ED0D47D1C8F27760011679A /* ProviderNickNameCell.swift in Sources */,
				3EF27F041C9913BC00D62844 /* UIView+VoiceIn.swift in Sources */,
				3E98C0DB1C8C3E12001BB458 /* ValidationCodeViewController.swift in Sources */,
				3EAA592A1CB7A7060079A51D /* GroupMutipleSelectTableViewController.swift in Sources */,
				3E98C0BC1C8C3E01001BB458 /* ContactDetailTableViewCell.swift in Sources */,
				3EAD8E341CB3F761008A09E3 /* ContactTableViewParam.swift in Sources */,
				3E98C0D31C8C3E12001BB458 /* ContactDetailViewController.swift in Sources */,
				3EE4EC371C8DE47D00805447 /* EditProfileViewController.swift in Sources */,
				3EA737671CA50DA60054C78C /* UserPref.swift in Sources */,
				3E98C0D91C8C3E12001BB458 /* vCardViewController.swift in Sources */,
				3E773EB71C991861003CD1B3 /* QRCodeListVeiwController.swift in Sources */,
				3E98C0D41C8C3E12001BB458 /* ContactTableViewController.swift in Sources */,
				3E98C0DC1C8C3E12001BB458 /* People.swift in Sources */,
				3E98C0D51C8C3E12001BB458 /* ProviderInformationViewController.swift in Sources */,
				3E3701EA1CBCF0A100B0F4CB /* HistoryTableViewController.swift in Sources */,
				3ED0D4751C8F0FAD0011679A /* SwitchCell.swift in Sources */,
				3EE4EC311C8DE38600805447 /* Network.swift in Sources */,
				3EAA592C1CB7A8100079A51D /* GroupMutipleSelectCell.swift in Sources */,
				3E98C0BD1C8C3E01001BB458 /* ContactTableCell.swift in Sources */,
				3EF6329A1C75A9F300BBAB39 /* AppDelegate.swift in Sources */,
				3E98C0D61C8C3E12001BB458 /* QRCodeReaderViewController.swift in Sources */,
				3E0414DC1CA7C94E004CE69B /* UserInformationViewController.swift in Sources */,
				3E773EBF1C9940AF003CD1B3 /* QRCodeGenerator.swift in Sources */,
				3E6FABA51CBA53640077B0C0 /* Group.swift in Sources */,
				3E773EBB1C9934CD003CD1B3 /* QrCodeListCell.swift in Sources */,
				3EE4EC2E1C8DE30700805447 /* Reachibility.swift in Sources */,
				3EAD8E361CB40672008A09E3 /* FavoriteContactTableViewController.swift in Sources */,
				3E773EBD1C99374C003CD1B3 /* QRCode.swift in Sources */,
				3EF632A21C75A9F300BBAB39 /* voiceIn.xcdatamodeld in Sources */,
				3E5767841C96ACBA0089FD6B /* CustomSettingCell.swift in Sources */,
				3E13C2D31C9874840060BC0B /* CallingService.swift in Sources */,
				3EA92A6D1CB515F70024C737 /* GroupTableViewController.swift in Sources */,
			);
			runOnlyForDeploymentPostprocessing = 0;
		};
/* End PBXSourcesBuildPhase section */

/* Begin PBXVariantGroup section */
		3EF050641C77196600F7774E /* Login.storyboard */ = {
			isa = PBXVariantGroup;
			children = (
				3EF050651C77196600F7774E /* Base */,
			);
			name = Login.storyboard;
			sourceTree = "<group>";
		};
		3EF050671C77197900F7774E /* Main.storyboard */ = {
			isa = PBXVariantGroup;
			children = (
				3EF050681C77197900F7774E /* Base */,
			);
			name = Main.storyboard;
			sourceTree = "<group>";
		};
		3EF632A51C75A9F300BBAB39 /* LaunchScreen.storyboard */ = {
			isa = PBXVariantGroup;
			children = (
				3EF632A61C75A9F300BBAB39 /* Base */,
			);
			name = LaunchScreen.storyboard;
			sourceTree = "<group>";
		};
/* End PBXVariantGroup section */

/* Begin XCBuildConfiguration section */
		3EF632A91C75A9F300BBAB39 /* Debug */ = {
			isa = XCBuildConfiguration;
			buildSettings = {
				ALWAYS_SEARCH_USER_PATHS = NO;
				CLANG_CXX_LANGUAGE_STANDARD = "gnu++0x";
				CLANG_CXX_LIBRARY = "libc++";
				CLANG_ENABLE_MODULES = YES;
				CLANG_ENABLE_OBJC_ARC = YES;
				CLANG_WARN_BOOL_CONVERSION = YES;
				CLANG_WARN_CONSTANT_CONVERSION = YES;
				CLANG_WARN_DIRECT_OBJC_ISA_USAGE = YES_ERROR;
				CLANG_WARN_EMPTY_BODY = YES;
				CLANG_WARN_ENUM_CONVERSION = YES;
				CLANG_WARN_INT_CONVERSION = YES;
				CLANG_WARN_OBJC_ROOT_CLASS = YES_ERROR;
				CLANG_WARN_UNREACHABLE_CODE = YES;
				CLANG_WARN__DUPLICATE_METHOD_MATCH = YES;
				"CODE_SIGN_IDENTITY[sdk=iphoneos*]" = "iPhone Developer";
				COPY_PHASE_STRIP = NO;
				DEBUG_INFORMATION_FORMAT = dwarf;
				ENABLE_STRICT_OBJC_MSGSEND = YES;
				ENABLE_TESTABILITY = YES;
				GCC_C_LANGUAGE_STANDARD = gnu99;
				GCC_DYNAMIC_NO_PIC = NO;
				GCC_NO_COMMON_BLOCKS = YES;
				GCC_OPTIMIZATION_LEVEL = 0;
				GCC_PREPROCESSOR_DEFINITIONS = (
					"DEBUG=1",
					"$(inherited)",
				);
				GCC_WARN_64_TO_32_BIT_CONVERSION = YES;
				GCC_WARN_ABOUT_RETURN_TYPE = YES_ERROR;
				GCC_WARN_UNDECLARED_SELECTOR = YES;
				GCC_WARN_UNINITIALIZED_AUTOS = YES_AGGRESSIVE;
				GCC_WARN_UNUSED_FUNCTION = YES;
				GCC_WARN_UNUSED_VARIABLE = YES;
				IPHONEOS_DEPLOYMENT_TARGET = 9.2;
				MTL_ENABLE_DEBUG_INFO = YES;
				ONLY_ACTIVE_ARCH = YES;
				SDKROOT = iphoneos;
				SWIFT_OPTIMIZATION_LEVEL = "-Onone";
			};
			name = Debug;
		};
		3EF632AA1C75A9F300BBAB39 /* Release */ = {
			isa = XCBuildConfiguration;
			buildSettings = {
				ALWAYS_SEARCH_USER_PATHS = NO;
				CLANG_CXX_LANGUAGE_STANDARD = "gnu++0x";
				CLANG_CXX_LIBRARY = "libc++";
				CLANG_ENABLE_MODULES = YES;
				CLANG_ENABLE_OBJC_ARC = YES;
				CLANG_WARN_BOOL_CONVERSION = YES;
				CLANG_WARN_CONSTANT_CONVERSION = YES;
				CLANG_WARN_DIRECT_OBJC_ISA_USAGE = YES_ERROR;
				CLANG_WARN_EMPTY_BODY = YES;
				CLANG_WARN_ENUM_CONVERSION = YES;
				CLANG_WARN_INT_CONVERSION = YES;
				CLANG_WARN_OBJC_ROOT_CLASS = YES_ERROR;
				CLANG_WARN_UNREACHABLE_CODE = YES;
				CLANG_WARN__DUPLICATE_METHOD_MATCH = YES;
				"CODE_SIGN_IDENTITY[sdk=iphoneos*]" = "iPhone Developer";
				COPY_PHASE_STRIP = NO;
				DEBUG_INFORMATION_FORMAT = "dwarf-with-dsym";
				ENABLE_NS_ASSERTIONS = NO;
				ENABLE_STRICT_OBJC_MSGSEND = YES;
				GCC_C_LANGUAGE_STANDARD = gnu99;
				GCC_NO_COMMON_BLOCKS = YES;
				GCC_WARN_64_TO_32_BIT_CONVERSION = YES;
				GCC_WARN_ABOUT_RETURN_TYPE = YES_ERROR;
				GCC_WARN_UNDECLARED_SELECTOR = YES;
				GCC_WARN_UNINITIALIZED_AUTOS = YES_AGGRESSIVE;
				GCC_WARN_UNUSED_FUNCTION = YES;
				GCC_WARN_UNUSED_VARIABLE = YES;
				IPHONEOS_DEPLOYMENT_TARGET = 9.2;
				MTL_ENABLE_DEBUG_INFO = NO;
				SDKROOT = iphoneos;
				VALIDATE_PRODUCT = YES;
			};
			name = Release;
		};
		3EF632AC1C75A9F300BBAB39 /* Debug */ = {
			isa = XCBuildConfiguration;
			baseConfigurationReference = 9D13D4708872AE911803EDD8 /* Pods-voiceIn.debug.xcconfig */;
			buildSettings = {
				ASSETCATALOG_COMPILER_APPICON_NAME = AppIcon;
				CODE_SIGN_IDENTITY = "iPhone Developer";
				"CODE_SIGN_IDENTITY[sdk=iphoneos*]" = "iPhone Developer";
				INFOPLIST_FILE = voiceIn/Info.plist;
				IPHONEOS_DEPLOYMENT_TARGET = 8.0;
				LD_RUNPATH_SEARCH_PATHS = "$(inherited) @executable_path/Frameworks";
				PRODUCT_BUNDLE_IDENTIFIER = tw.edu.nthu.hsnl.voiceIn;
				PRODUCT_NAME = VoiceIn;
				PROVISIONING_PROFILE = "";
				SWIFT_OBJC_BRIDGING_HEADER = bridge.h;
			};
			name = Debug;
		};
		3EF632AD1C75A9F300BBAB39 /* Release */ = {
			isa = XCBuildConfiguration;
			baseConfigurationReference = CBBF54FA7E5ECB0B0AD8D6E5 /* Pods-voiceIn.release.xcconfig */;
			buildSettings = {
				ASSETCATALOG_COMPILER_APPICON_NAME = AppIcon;
				CODE_SIGN_IDENTITY = "iPhone Developer";
				"CODE_SIGN_IDENTITY[sdk=iphoneos*]" = "iPhone Developer";
				INFOPLIST_FILE = voiceIn/Info.plist;
				IPHONEOS_DEPLOYMENT_TARGET = 8.0;
				LD_RUNPATH_SEARCH_PATHS = "$(inherited) @executable_path/Frameworks";
				PRODUCT_BUNDLE_IDENTIFIER = tw.edu.nthu.hsnl.voiceIn;
				PRODUCT_NAME = VoiceIn;
				PROVISIONING_PROFILE = "";
				SWIFT_OBJC_BRIDGING_HEADER = bridge.h;
			};
			name = Release;
		};
/* End XCBuildConfiguration section */

/* Begin XCConfigurationList section */
		3EF632911C75A9F300BBAB39 /* Build configuration list for PBXProject "VoiceIn" */ = {
			isa = XCConfigurationList;
			buildConfigurations = (
				3EF632A91C75A9F300BBAB39 /* Debug */,
				3EF632AA1C75A9F300BBAB39 /* Release */,
			);
			defaultConfigurationIsVisible = 0;
			defaultConfigurationName = Release;
		};
		3EF632AB1C75A9F300BBAB39 /* Build configuration list for PBXNativeTarget "voiceIn" */ = {
			isa = XCConfigurationList;
			buildConfigurations = (
				3EF632AC1C75A9F300BBAB39 /* Debug */,
				3EF632AD1C75A9F300BBAB39 /* Release */,
			);
			defaultConfigurationIsVisible = 0;
			defaultConfigurationName = Release;
		};
/* End XCConfigurationList section */

/* Begin XCVersionGroup section */
		3EF632A01C75A9F300BBAB39 /* voiceIn.xcdatamodeld */ = {
			isa = XCVersionGroup;
			children = (
				3EF632A11C75A9F300BBAB39 /* voiceIn.xcdatamodel */,
			);
			currentVersion = 3EF632A11C75A9F300BBAB39 /* voiceIn.xcdatamodel */;
			path = voiceIn.xcdatamodeld;
			sourceTree = "<group>";
			versionGroupType = wrapper.xcdatamodel;
		};
/* End XCVersionGroup section */
	};
	rootObject = 3EF6328E1C75A9F300BBAB39 /* Project object */;
}
